
Microsoft Visual Studio Solution File, Format Version 12.00
Project("{FAE04EC0-301F-11D3-BF4B-00C04F79EFBC}") = "Lab2.3.task8", "Lab2.3.task8.csproj", "{F7A5E39A-3A39-4897-A690-5AE136523CAC}"
EndProject
Global
	GlobalSection(SolutionConfigurationPlatforms) = preSolution
		Debug|Any CPU = Debug|Any CPU
		Release|Any CPU = Release|Any CPU
	EndGlobalSection
	GlobalSection(ProjectConfigurationPlatforms) = postSolution
		{F7A5E39A-3A39-4897-A690-5AE136523CAC}.Debug|Any CPU.ActiveCfg = Debug|Any CPU
		{F7A5E39A-3A39-4897-A690-5AE136523CAC}.Debug|Any CPU.Build.0 = Debug|Any CPU
		{F7A5E39A-3A39-4897-A690-5AE136523CAC}.Release|Any CPU.ActiveCfg = Release|Any CPU
		{F7A5E39A-3A39-4897-A690-5AE136523CAC}.Release|Any CPU.Build.0 = Release|Any CPU
	EndGlobalSection
EndGlobal
